
Microsoft Visual Studio Solution File, Format Version 12.00
# Visual Studio Version 16
VisualStudioVersion = 16.0.29403.142
MinimumVisualStudioVersion = 10.0.40219.1
Project("{FAE04EC0-301F-11D3-BF4B-00C04F79EFBC}") = "Penny_Year_Calculator", "Penny_Year_Calculator\Penny_Year_Calculator.csproj", "{907441CB-132C-4592-944D-C3FAB342F5C5}"
EndProject
Global
	GlobalSection(SolutionConfigurationPlatforms) = preSolution
		Debug|Any CPU = Debug|Any CPU
		Release|Any CPU = Release|Any CPU
	EndGlobalSection
	GlobalSection(ProjectConfigurationPlatforms) = postSolution
		{907441CB-132C-4592-944D-C3FAB342F5C5}.Debug|Any CPU.ActiveCfg = Debug|Any CPU
		{907441CB-132C-4592-944D-C3FAB342F5C5}.Debug|Any CPU.Build.0 = Debug|Any CPU
		{907441CB-132C-4592-944D-C3FAB342F5C5}.Release|Any CPU.ActiveCfg = Release|Any CPU
		{907441CB-132C-4592-944D-C3FAB342F5C5}.Release|Any CPU.Build.0 = Release|Any CPU
	EndGlobalSection
	GlobalSection(SolutionProperties) = preSolution
		HideSolutionNode = FALSE
	EndGlobalSection
	GlobalSection(ExtensibilityGlobals) = postSolution
		SolutionGuid = {C45E5769-6167-4B4A-A5E7-970C68EEB0A5}
	EndGlobalSection
EndGlobal
